
Microsoft Visual Studio Solution File, Format Version 12.00
# Visual Studio Version 17
VisualStudioVersion = 17.8.34330.188
MinimumVisualStudioVersion = 10.0.40219.1
Project("{FAE04EC0-301F-11D3-BF4B-00C04F79EFBC}") = "Dec29PolyAbsEx", "Dec29PolyAbsEx\Dec29PolyAbsEx.csproj", "{BA6D14EE-A239-4DC4-8269-C0B8E7049AC7}"
EndProject
Global
	GlobalSection(SolutionConfigurationPlatforms) = preSolution
		Debug|Any CPU = Debug|Any CPU
		Release|Any CPU = Release|Any CPU
	EndGlobalSection
	GlobalSection(ProjectConfigurationPlatforms) = postSolution
		{BA6D14EE-A239-4DC4-8269-C0B8E7049AC7}.Debug|Any CPU.ActiveCfg = Debug|Any CPU
		{BA6D14EE-A239-4DC4-8269-C0B8E7049AC7}.Debug|Any CPU.Build.0 = Debug|Any CPU
		{BA6D14EE-A239-4DC4-8269-C0B8E7049AC7}.Release|Any CPU.ActiveCfg = Release|Any CPU
		{BA6D14EE-A239-4DC4-8269-C0B8E7049AC7}.Release|Any CPU.Build.0 = Release|Any CPU
	EndGlobalSection
	GlobalSection(SolutionProperties) = preSolution
		HideSolutionNode = FALSE
	EndGlobalSection
	GlobalSection(ExtensibilityGlobals) = postSolution
		SolutionGuid = {B35DCCE5-D66C-4006-B22F-D750F3717AA8}
	EndGlobalSection
EndGlobal
